
Microsoft Visual Studio Solution File, Format Version 12.00
# Visual Studio Version 17
VisualStudioVersion = 17.5.33424.131
MinimumVisualStudioVersion = 10.0.40219.1
Project("{FAE04EC0-301F-11D3-BF4B-00C04F79EFBC}") = "ConsoleApp6", "ConsoleApp6\ConsoleApp6.csproj", "{B2F8E0D6-2CB8-4387-BEE5-F6888CC39C19}"
EndProject
Global
	GlobalSection(SolutionConfigurationPlatforms) = preSolution
		Debug|Any CPU = Debug|Any CPU
		Release|Any CPU = Release|Any CPU
	EndGlobalSection
	GlobalSection(ProjectConfigurationPlatforms) = postSolution
		{B2F8E0D6-2CB8-4387-BEE5-F6888CC39C19}.Debug|Any CPU.ActiveCfg = Debug|Any CPU
		{B2F8E0D6-2CB8-4387-BEE5-F6888CC39C19}.Debug|Any CPU.Build.0 = Debug|Any CPU
		{B2F8E0D6-2CB8-4387-BEE5-F6888CC39C19}.Release|Any CPU.ActiveCfg = Release|Any CPU
		{B2F8E0D6-2CB8-4387-BEE5-F6888CC39C19}.Release|Any CPU.Build.0 = Release|Any CPU
	EndGlobalSection
	GlobalSection(SolutionProperties) = preSolution
		HideSolutionNode = FALSE
	EndGlobalSection
	GlobalSection(ExtensibilityGlobals) = postSolution
		SolutionGuid = {C01B1D9E-806D-48A3-A8FA-22F890225F93}
	EndGlobalSection
EndGlobal
